// !$*UTF8*$!
{
	archiveVersion = 1;
	classes = {
	};
	objectVersion = 50;
	objects = {

/* Begin PBXBuildFile section */
		164DD580B88487814F6851C3 /* Pods_Mapa.framework in Frameworks */ = {isa = PBXBuildFile; fileRef = F40C20014DE97B74C709A1CC /* Pods_Mapa.framework */; };
		A00F08A42313062900920559 /* AppDelegate.swift in Sources */ = {isa = PBXBuildFile; fileRef = A00F08A32313062900920559 /* AppDelegate.swift */; };
		A00F08A62313062900920559 /* MapController.swift in Sources */ = {isa = PBXBuildFile; fileRef = A00F08A52313062900920559 /* MapController.swift */; };
		A00F08A92313062900920559 /* Main.storyboard in Resources */ = {isa = PBXBuildFile; fileRef = A00F08A72313062900920559 /* Main.storyboard */; };
		A00F08AC2313062900920559 /* Mapa.xcdatamodeld in Sources */ = {isa = PBXBuildFile; fileRef = A00F08AA2313062900920559 /* Mapa.xcdatamodeld */; };
		A00F08AE2313062B00920559 /* Assets.xcassets in Resources */ = {isa = PBXBuildFile; fileRef = A00F08AD2313062B00920559 /* Assets.xcassets */; };
		A00F08B12313062B00920559 /* LaunchScreen.storyboard in Resources */ = {isa = PBXBuildFile; fileRef = A00F08AF2313062B00920559 /* LaunchScreen.storyboard */; };
		A00F08BE2313074D00920559 /* CoreDataStack.swift in Sources */ = {isa = PBXBuildFile; fileRef = A00F08BD2313074D00920559 /* CoreDataStack.swift */; };
		A00F08C323130A7700920559 /* Emergency+CoreDataClass.swift in Sources */ = {isa = PBXBuildFile; fileRef = A00F08BF23130A7700920559 /* Emergency+CoreDataClass.swift */; };
		A00F08C423130A7700920559 /* Emergency+CoreDataProperties.swift in Sources */ = {isa = PBXBuildFile; fileRef = A00F08C023130A7700920559 /* Emergency+CoreDataProperties.swift */; };
		A00F08C823130B2300920559 /* APIService.swift in Sources */ = {isa = PBXBuildFile; fileRef = A00F08C723130B2300920559 /* APIService.swift */; };
		A00F08CB2313106300920559 /* Corporation+CoreDataClass.swift in Sources */ = {isa = PBXBuildFile; fileRef = A00F08C92313106300920559 /* Corporation+CoreDataClass.swift */; };
		A00F08CC2313106300920559 /* Corporation+CoreDataProperties.swift in Sources */ = {isa = PBXBuildFile; fileRef = A00F08CA2313106300920559 /* Corporation+CoreDataProperties.swift */; };
		A00F08CF231317BC00920559 /* MapView.swift in Sources */ = {isa = PBXBuildFile; fileRef = A00F08CE231317BC00920559 /* MapView.swift */; };
		A00F08D12313180700920559 /* Extensions.swift in Sources */ = {isa = PBXBuildFile; fileRef = A00F08D02313180700920559 /* Extensions.swift */; };
/* End PBXBuildFile section */

/* Begin PBXFileReference section */
		0FC981E029751DC70AE1BAC4 /* Pods-Mapa.release.xcconfig */ = {isa = PBXFileReference; includeInIndex = 1; lastKnownFileType = text.xcconfig; name = "Pods-Mapa.release.xcconfig"; path = "Pods/Target Support Files/Pods-Mapa/Pods-Mapa.release.xcconfig"; sourceTree = "<group>"; };
		278CA4BB660A73B8E59CCAB9 /* Pods-Mapa.debug.xcconfig */ = {isa = PBXFileReference; includeInIndex = 1; lastKnownFileType = text.xcconfig; name = "Pods-Mapa.debug.xcconfig"; path = "Pods/Target Support Files/Pods-Mapa/Pods-Mapa.debug.xcconfig"; sourceTree = "<group>"; };
		A00F08A02313062900920559 /* Mapa.app */ = {isa = PBXFileReference; explicitFileType = wrapper.application; includeInIndex = 0; path = Mapa.app; sourceTree = BUILT_PRODUCTS_DIR; };
		A00F08A32313062900920559 /* AppDelegate.swift */ = {isa = PBXFileReference; lastKnownFileType = sourcecode.swift; path = AppDelegate.swift; sourceTree = "<group>"; };
		A00F08A52313062900920559 /* MapController.swift */ = {isa = PBXFileReference; lastKnownFileType = sourcecode.swift; path = MapController.swift; sourceTree = "<group>"; };
		A00F08A82313062900920559 /* Base */ = {isa = PBXFileReference; lastKnownFileType = file.storyboard; name = Base; path = Base.lproj/Main.storyboard; sourceTree = "<group>"; };
		A00F08AB2313062900920559 /* Mapa.xcdatamodel */ = {isa = PBXFileReference; lastKnownFileType = wrapper.xcdatamodel; path = Mapa.xcdatamodel; sourceTree = "<group>"; };
		A00F08AD2313062B00920559 /* Assets.xcassets */ = {isa = PBXFileReference; lastKnownFileType = folder.assetcatalog; path = Assets.xcassets; sourceTree = "<group>"; };
		A00F08B02313062B00920559 /* Base */ = {isa = PBXFileReference; lastKnownFileType = file.storyboard; name = Base; path = Base.lproj/LaunchScreen.storyboard; sourceTree = "<group>"; };
		A00F08B22313062B00920559 /* Info.plist */ = {isa = PBXFileReference; lastKnownFileType = text.plist.xml; path = Info.plist; sourceTree = "<group>"; };
		A00F08BD2313074D00920559 /* CoreDataStack.swift */ = {isa = PBXFileReference; lastKnownFileType = sourcecode.swift; path = CoreDataStack.swift; sourceTree = "<group>"; };
		A00F08BF23130A7700920559 /* Emergency+CoreDataClass.swift */ = {isa = PBXFileReference; lastKnownFileType = sourcecode.swift; path = "Emergency+CoreDataClass.swift"; sourceTree = "<group>"; };
		A00F08C023130A7700920559 /* Emergency+CoreDataProperties.swift */ = {isa = PBXFileReference; lastKnownFileType = sourcecode.swift; path = "Emergency+CoreDataProperties.swift"; sourceTree = "<group>"; };
		A00F08C723130B2300920559 /* APIService.swift */ = {isa = PBXFileReference; lastKnownFileType = sourcecode.swift; path = APIService.swift; sourceTree = "<group>"; };
		A00F08C92313106300920559 /* Corporation+CoreDataClass.swift */ = {isa = PBXFileReference; lastKnownFileType = sourcecode.swift; path = "Corporation+CoreDataClass.swift"; sourceTree = "<group>"; };
		A00F08CA2313106300920559 /* Corporation+CoreDataProperties.swift */ = {isa = PBXFileReference; lastKnownFileType = sourcecode.swift; path = "Corporation+CoreDataProperties.swift"; sourceTree = "<group>"; };
		A00F08CE231317BC00920559 /* MapView.swift */ = {isa = PBXFileReference; lastKnownFileType = sourcecode.swift; path = MapView.swift; sourceTree = "<group>"; };
		A00F08D02313180700920559 /* Extensions.swift */ = {isa = PBXFileReference; lastKnownFileType = sourcecode.swift; path = Extensions.swift; sourceTree = "<group>"; };
		F40C20014DE97B74C709A1CC /* Pods_Mapa.framework */ = {isa = PBXFileReference; explicitFileType = wrapper.framework; includeInIndex = 0; path = Pods_Mapa.framework; sourceTree = BUILT_PRODUCTS_DIR; };
/* End PBXFileReference section */

/* Begin PBXFrameworksBuildPhase section */
		A00F089D2313062900920559 /* Frameworks */ = {
			isa = PBXFrameworksBuildPhase;
			buildActionMask = 2147483647;
			files = (
				164DD580B88487814F6851C3 /* Pods_Mapa.framework in Frameworks */,
			);
			runOnlyForDeploymentPostprocessing = 0;
		};
/* End PBXFrameworksBuildPhase section */

/* Begin PBXGroup section */
		5408F98A0036D0DF9C4F02D6 /* Pods */ = {
			isa = PBXGroup;
			children = (
				278CA4BB660A73B8E59CCAB9 /* Pods-Mapa.debug.xcconfig */,
				0FC981E029751DC70AE1BAC4 /* Pods-Mapa.release.xcconfig */,
			);
			name = Pods;
			sourceTree = "<group>";
		};
		91A9A3EBC77B7891456E77EB /* Frameworks */ = {
			isa = PBXGroup;
			children = (
				F40C20014DE97B74C709A1CC /* Pods_Mapa.framework */,
			);
			name = Frameworks;
			sourceTree = "<group>";
		};
		A00F08972313062900920559 = {
			isa = PBXGroup;
			children = (
				A00F08A22313062900920559 /* Mapa */,
				A00F08A12313062900920559 /* Products */,
				5408F98A0036D0DF9C4F02D6 /* Pods */,
				91A9A3EBC77B7891456E77EB /* Frameworks */,
			);
			sourceTree = "<group>";
		};
		A00F08A12313062900920559 /* Products */ = {
			isa = PBXGroup;
			children = (
				A00F08A02313062900920559 /* Mapa.app */,
			);
			name = Products;
			sourceTree = "<group>";
		};
		A00F08A22313062900920559 /* Mapa */ = {
			isa = PBXGroup;
			children = (
				A00F08BC2313072100920559 /* Services */,
				A00F08BB2313070700920559 /* Helpers */,
				A00F08BA2313070100920559 /* Controllers */,
				A00F08B9231306FC00920559 /* Views */,
				A00F08B8231306F600920559 /* Models */,
				A00F08A32313062900920559 /* AppDelegate.swift */,
				A00F08A72313062900920559 /* Main.storyboard */,
				A00F08AD2313062B00920559 /* Assets.xcassets */,
				A00F08AF2313062B00920559 /* LaunchScreen.storyboard */,
				A00F08B22313062B00920559 /* Info.plist */,
				A00F08AA2313062900920559 /* Mapa.xcdatamodeld */,
			);
			path = Mapa;
			sourceTree = "<group>";
		};
		A00F08B8231306F600920559 /* Models */ = {
			isa = PBXGroup;
			children = (
				A00F08C92313106300920559 /* Corporation+CoreDataClass.swift */,
				A00F08CA2313106300920559 /* Corporation+CoreDataProperties.swift */,
				A00F08BF23130A7700920559 /* Emergency+CoreDataClass.swift */,
				A00F08C023130A7700920559 /* Emergency+CoreDataProperties.swift */,
				A00F08BD2313074D00920559 /* CoreDataStack.swift */,
			);
			path = Models;
			sourceTree = "<group>";
		};
		A00F08B9231306FC00920559 /* Views */ = {
			isa = PBXGroup;
			children = (
				A00F08CD231317A700920559 /* Map */,
			);
			path = Views;
			sourceTree = "<group>";
		};
		A00F08BA2313070100920559 /* Controllers */ = {
			isa = PBXGroup;
			children = (
				A00F08A52313062900920559 /* MapController.swift */,
			);
			path = Controllers;
			sourceTree = "<group>";
		};
		A00F08BB2313070700920559 /* Helpers */ = {
			isa = PBXGroup;
			children = (
				A00F08D02313180700920559 /* Extensions.swift */,
			);
			path = Helpers;
			sourceTree = "<group>";
		};
		A00F08BC2313072100920559 /* Services */ = {
			isa = PBXGroup;
			children = (
				A00F08C723130B2300920559 /* APIService.swift */,
			);
			path = Services;
			sourceTree = "<group>";
		};
		A00F08CD231317A700920559 /* Map */ = {
			isa = PBXGroup;
			children = (
				A00F08CE231317BC00920559 /* MapView.swift */,
			);
			path = Map;
			sourceTree = "<group>";
		};
/* End PBXGroup section */

/* Begin PBXNativeTarget section */
		A00F089F2313062900920559 /* Mapa */ = {
			isa = PBXNativeTarget;
			buildConfigurationList = A00F08B52313062B00920559 /* Build configuration list for PBXNativeTarget "Mapa" */;
			buildPhases = (
				A0423956A76B9DA297045E61 /* [CP] Check Pods Manifest.lock */,
				A00F089C2313062900920559 /* Sources */,
				A00F089D2313062900920559 /* Frameworks */,
				A00F089E2313062900920559 /* Resources */,
				E4101677CC537C27C97056E1 /* [CP] Embed Pods Frameworks */,
			);
			buildRules = (
			);
			dependencies = (
			);
			name = Mapa;
			productName = Mapa;
			productReference = A00F08A02313062900920559 /* Mapa.app */;
			productType = "com.apple.product-type.application";
		};
/* End PBXNativeTarget section */

/* Begin PBXProject section */
		A00F08982313062900920559 /* Project object */ = {
			isa = PBXProject;
			attributes = {
				LastSwiftUpdateCheck = 1030;
				LastUpgradeCheck = 1030;
				ORGANIZATIONNAME = "Luis Barajas";
				TargetAttributes = {
					A00F089F2313062900920559 = {
						CreatedOnToolsVersion = 10.3;
					};
				};
			};
			buildConfigurationList = A00F089B2313062900920559 /* Build configuration list for PBXProject "Mapa" */;
			compatibilityVersion = "Xcode 9.3";
			developmentRegion = en;
			hasScannedForEncodings = 0;
			knownRegions = (
				en,
				Base,
			);
			mainGroup = A00F08972313062900920559;
			productRefGroup = A00F08A12313062900920559 /* Products */;
			projectDirPath = "";
			projectRoot = "";
			targets = (
				A00F089F2313062900920559 /* Mapa */,
			);
		};
/* End PBXProject section */

/* Begin PBXResourcesBuildPhase section */
		A00F089E2313062900920559 /* Resources */ = {
			isa = PBXResourcesBuildPhase;
			buildActionMask = 2147483647;
			files = (
				A00F08B12313062B00920559 /* LaunchScreen.storyboard in Resources */,
				A00F08AE2313062B00920559 /* Assets.xcassets in Resources */,
				A00F08A92313062900920559 /* Main.storyboard in Resources */,
			);
			runOnlyForDeploymentPostprocessing = 0;
		};
/* End PBXResourcesBuildPhase section */

/* Begin PBXShellScriptBuildPhase section */
		A0423956A76B9DA297045E61 /* [CP] Check Pods Manifest.lock */ = {
			isa = PBXShellScriptBuildPhase;
			buildActionMask = 2147483647;
			files = (
			);
			inputFileListPaths = (
			);
			inputPaths = (
				"${PODS_PODFILE_DIR_PATH}/Podfile.lock",
				"${PODS_ROOT}/Manifest.lock",
			);
			name = "[CP] Check Pods Manifest.lock";
			outputFileListPaths = (
			);
			outputPaths = (
				"$(DERIVED_FILE_DIR)/Pods-Mapa-checkManifestLockResult.txt",
			);
			runOnlyForDeploymentPostprocessing = 0;
			shellPath = /bin/sh;
			shellScript = "diff \"${PODS_PODFILE_DIR_PATH}/Podfile.lock\" \"${PODS_ROOT}/Manifest.lock\" > /dev/null\nif [ $? != 0 ] ; then\n    # print error to STDERR\n    echo \"error: The sandbox is not in sync with the Podfile.lock. Run 'pod install' or update your CocoaPods installation.\" >&2\n    exit 1\nfi\n# This output is used by Xcode 'outputs' to avoid re-running this script phase.\necho \"SUCCESS\" > \"${SCRIPT_OUTPUT_FILE_0}\"\n";
			showEnvVarsInLog = 0;
		};
		E4101677CC537C27C97056E1 /* [CP] Embed Pods Frameworks */ = {
			isa = PBXShellScriptBuildPhase;
			buildActionMask = 2147483647;
			files = (
			);
			inputFileListPaths = (
			);
			inputPaths = (
				"${SRCROOT}/Pods/Target Support Files/Pods-Mapa/Pods-Mapa-frameworks.sh",
				"${BUILT_PRODUCTS_DIR}/Alamofire/Alamofire.framework",
			);
			name = "[CP] Embed Pods Frameworks";
			outputFileListPaths = (
			);
			outputPaths = (
				"${TARGET_BUILD_DIR}/${FRAMEWORKS_FOLDER_PATH}/Alamofire.framework",
			);
			runOnlyForDeploymentPostprocessing = 0;
			shellPath = /bin/sh;
			shellScript = "\"${SRCROOT}/Pods/Target Support Files/Pods-Mapa/Pods-Mapa-frameworks.sh\"\n";
			showEnvVarsInLog = 0;
		};
/* End PBXShellScriptBuildPhase section */

/* Begin PBXSourcesBuildPhase section */
		A00F089C2313062900920559 /* Sources */ = {
			isa = PBXSourcesBuildPhase;
			buildActionMask = 2147483647;
			files = (
				A00F08A62313062900920559 /* MapController.swift in Sources */,
				A00F08C423130A7700920559 /* Emergency+CoreDataProperties.swift in Sources */,
				A00F08A42313062900920559 /* AppDelegate.swift in Sources */,
				A00F08CC2313106300920559 /* Corporation+CoreDataProperties.swift in Sources */,
				A00F08CB2313106300920559 /* Corporation+CoreDataClass.swift in Sources */,
				A00F08AC2313062900920559 /* Mapa.xcdatamodeld in Sources */,
				A00F08C323130A7700920559 /* Emergency+CoreDataClass.swift in Sources */,
				A00F08CF231317BC00920559 /* MapView.swift in Sources */,
				A00F08BE2313074D00920559 /* CoreDataStack.swift in Sources */,
				A00F08D12313180700920559 /* Extensions.swift in Sources */,
				A00F08C823130B2300920559 /* APIService.swift in Sources */,
			);
			runOnlyForDeploymentPostprocessing = 0;
		};
/* End PBXSourcesBuildPhase section */

/* Begin PBXVariantGroup section */
		A00F08A72313062900920559 /* Main.storyboard */ = {
			isa = PBXVariantGroup;
			children = (
				A00F08A82313062900920559 /* Base */,
			);
			name = Main.storyboard;
			sourceTree = "<group>";
		};
		A00F08AF2313062B00920559 /* LaunchScreen.storyboard */ = {
			isa = PBXVariantGroup;
			children = (
				A00F08B02313062B00920559 /* Base */,
			);
			name = LaunchScreen.storyboard;
			sourceTree = "<group>";
		};
/* End PBXVariantGroup section */

/* Begin XCBuildConfiguration section */
		A00F08B32313062B00920559 /* Debug */ = {
			isa = XCBuildConfiguration;
			buildSettings = {
				ALWAYS_SEARCH_USER_PATHS = NO;
				CLANG_ANALYZER_NONNULL = YES;
				CLANG_ANALYZER_NUMBER_OBJECT_CONVERSION = YES_AGGRESSIVE;
				CLANG_CXX_LANGUAGE_STANDARD = "gnu++14";
				CLANG_CXX_LIBRARY = "libc++";
				CLANG_ENABLE_MODULES = YES;
				CLANG_ENABLE_OBJC_ARC = YES;
				CLANG_ENABLE_OBJC_WEAK = YES;
				CLANG_WARN_BLOCK_CAPTURE_AUTORELEASING = YES;
				CLANG_WARN_BOOL_CONVERSION = YES;
				CLANG_WARN_COMMA = YES;
				CLANG_WARN_CONSTANT_CONVERSION = YES;
				CLANG_WARN_DEPRECATED_OBJC_IMPLEMENTATIONS = YES;
				CLANG_WARN_DIRECT_OBJC_ISA_USAGE = YES_ERROR;
				CLANG_WARN_DOCUMENTATION_COMMENTS = YES;
				CLANG_WARN_EMPTY_BODY = YES;
				CLANG_WARN_ENUM_CONVERSION = YES;
				CLANG_WARN_INFINITE_RECURSION = YES;
				CLANG_WARN_INT_CONVERSION = YES;
				CLANG_WARN_NON_LITERAL_NULL_CONVERSION = YES;
				CLANG_WARN_OBJC_IMPLICIT_RETAIN_SELF = YES;
				CLANG_WARN_OBJC_LITERAL_CONVERSION = YES;
				CLANG_WARN_OBJC_ROOT_CLASS = YES_ERROR;
				CLANG_WARN_RANGE_LOOP_ANALYSIS = YES;
				CLANG_WARN_STRICT_PROTOTYPES = YES;
				CLANG_WARN_SUSPICIOUS_MOVE = YES;
				CLANG_WARN_UNGUARDED_AVAILABILITY = YES_AGGRESSIVE;
				CLANG_WARN_UNREACHABLE_CODE = YES;
				CLANG_WARN__DUPLICATE_METHOD_MATCH = YES;
				CODE_SIGN_IDENTITY = "iPhone Developer";
				COPY_PHASE_STRIP = NO;
				DEBUG_INFORMATION_FORMAT = dwarf;
				ENABLE_STRICT_OBJC_MSGSEND = YES;
				ENABLE_TESTABILITY = YES;
				GCC_C_LANGUAGE_STANDARD = gnu11;
				GCC_DYNAMIC_NO_PIC = NO;
				GCC_NO_COMMON_BLOCKS = YES;
				GCC_OPTIMIZATION_LEVEL = 0;
				GCC_PREPROCESSOR_DEFINITIONS = (
					"DEBUG=1",
					"$(inherited)",
				);
				GCC_WARN_64_TO_32_BIT_CONVERSION = YES;
				GCC_WARN_ABOUT_RETURN_TYPE = YES_ERROR;
				GCC_WARN_UNDECLARED_SELECTOR = YES;
				GCC_WARN_UNINITIALIZED_AUTOS = YES_AGGRESSIVE;
				GCC_WARN_UNUSED_FUNCTION = YES;
				GCC_WARN_UNUSED_VARIABLE = YES;
				IPHONEOS_DEPLOYMENT_TARGET = 12.4;
				MTL_ENABLE_DEBUG_INFO = INCLUDE_SOURCE;
				MTL_FAST_MATH = YES;
				ONLY_ACTIVE_ARCH = YES;
				SDKROOT = iphoneos;
				SWIFT_ACTIVE_COMPILATION_CONDITIONS = DEBUG;
				SWIFT_OPTIMIZATION_LEVEL = "-Onone";
			};
			name = Debug;
		};
		A00F08B42313062B00920559 /* Release */ = {
			isa = XCBuildConfiguration;
			buildSettings = {
				ALWAYS_SEARCH_USER_PATHS = NO;
				CLANG_ANALYZER_NONNULL = YES;
				CLANG_ANALYZER_NUMBER_OBJECT_CONVERSION = YES_AGGRESSIVE;
				CLANG_CXX_LANGUAGE_STANDARD = "gnu++14";
				CLANG_CXX_LIBRARY = "libc++";
				CLANG_ENABLE_MODULES = YES;
				CLANG_ENABLE_OBJC_ARC = YES;
				CLANG_ENABLE_OBJC_WEAK = YES;
				CLANG_WARN_BLOCK_CAPTURE_AUTORELEASING = YES;
				CLANG_WARN_BOOL_CONVERSION = YES;
				CLANG_WARN_COMMA = YES;
				CLANG_WARN_CONSTANT_CONVERSION = YES;
				CLANG_WARN_DEPRECATED_OBJC_IMPLEMENTATIONS = YES;
				CLANG_WARN_DIRECT_OBJC_ISA_USAGE = YES_ERROR;
				CLANG_WARN_DOCUMENTATION_COMMENTS = YES;
				CLANG_WARN_EMPTY_BODY = YES;
				CLANG_WARN_ENUM_CONVERSION = YES;
				CLANG_WARN_INFINITE_RECURSION = YES;
				CLANG_WARN_INT_CONVERSION = YES;
				CLANG_WARN_NON_LITERAL_NULL_CONVERSION = YES;
				CLANG_WARN_OBJC_IMPLICIT_RETAIN_SELF = YES;
				CLANG_WARN_OBJC_LITERAL_CONVERSION = YES;
				CLANG_WARN_OBJC_ROOT_CLASS = YES_ERROR;
				CLANG_WARN_RANGE_LOOP_ANALYSIS = YES;
				CLANG_WARN_STRICT_PROTOTYPES = YES;
				CLANG_WARN_SUSPICIOUS_MOVE = YES;
				CLANG_WARN_UNGUARDED_AVAILABILITY = YES_AGGRESSIVE;
				CLANG_WARN_UNREACHABLE_CODE = YES;
				CLANG_WARN__DUPLICATE_METHOD_MATCH = YES;
				CODE_SIGN_IDENTITY = "iPhone Developer";
				COPY_PHASE_STRIP = NO;
				DEBUG_INFORMATION_FORMAT = "dwarf-with-dsym";
				ENABLE_NS_ASSERTIONS = NO;
				ENABLE_STRICT_OBJC_MSGSEND = YES;
				GCC_C_LANGUAGE_STANDARD = gnu11;
				GCC_NO_COMMON_BLOCKS = YES;
				GCC_WARN_64_TO_32_BIT_CONVERSION = YES;
				GCC_WARN_ABOUT_RETURN_TYPE = YES_ERROR;
				GCC_WARN_UNDECLARED_SELECTOR = YES;
				GCC_WARN_UNINITIALIZED_AUTOS = YES_AGGRESSIVE;
				GCC_WARN_UNUSED_FUNCTION = YES;
				GCC_WARN_UNUSED_VARIABLE = YES;
				IPHONEOS_DEPLOYMENT_TARGET = 12.4;
				MTL_ENABLE_DEBUG_INFO = NO;
				MTL_FAST_MATH = YES;
				SDKROOT = iphoneos;
				SWIFT_COMPILATION_MODE = wholemodule;
				SWIFT_OPTIMIZATION_LEVEL = "-O";
				VALIDATE_PRODUCT = YES;
			};
			name = Release;
		};
		A00F08B62313062B00920559 /* Debug */ = {
			isa = XCBuildConfiguration;
			baseConfigurationReference = 278CA4BB660A73B8E59CCAB9 /* Pods-Mapa.debug.xcconfig */;
			buildSettings = {
				ASSETCATALOG_COMPILER_APPICON_NAME = AppIcon;
				CODE_SIGN_STYLE = Automatic;
				DEVELOPMENT_TEAM = LFJ2ELTF77;
				INFOPLIST_FILE = Mapa/Info.plist;
				IPHONEOS_DEPLOYMENT_TARGET = 11.0;
				LD_RUNPATH_SEARCH_PATHS = (
					"$(inherited)",
					"@executable_path/Frameworks",
				);
				PRODUCT_BUNDLE_IDENTIFIER = com.luisbarajasp.Mapa;
				PRODUCT_NAME = "$(TARGET_NAME)";
				SWIFT_VERSION = 5.0;
				TARGETED_DEVICE_FAMILY = "1,2";
			};
			name = Debug;
		};
		A00F08B72313062B00920559 /* Release */ = {
			isa = XCBuildConfiguration;
			baseConfigurationReference = 0FC981E029751DC70AE1BAC4 /* Pods-Mapa.release.xcconfig */;
			buildSettings = {
				ASSETCATALOG_COMPILER_APPICON_NAME = AppIcon;
				CODE_SIGN_STYLE = Automatic;
				DEVELOPMENT_TEAM = LFJ2ELTF77;
				INFOPLIST_FILE = Mapa/Info.plist;
				IPHONEOS_DEPLOYMENT_TARGET = 11.0;
				LD_RUNPATH_SEARCH_PATHS = (
					"$(inherited)",
					"@executable_path/Frameworks",
				);
				PRODUCT_BUNDLE_IDENTIFIER = com.luisbarajasp.Mapa;
				PRODUCT_NAME = "$(TARGET_NAME)";
				SWIFT_VERSION = 5.0;
				TARGETED_DEVICE_FAMILY = "1,2";
			};
			name = Release;
		};
/* End XCBuildConfiguration section */

/* Begin XCConfigurationList section */
		A00F089B2313062900920559 /* Build configuration list for PBXProject "Mapa" */ = {
			isa = XCConfigurationList;
			buildConfigurations = (
				A00F08B32313062B00920559 /* Debug */,
				A00F08B42313062B00920559 /* Release */,
			);
			defaultConfigurationIsVisible = 0;
			defaultConfigurationName = Release;
		};
		A00F08B52313062B00920559 /* Build configuration list for PBXNativeTarget "Mapa" */ = {
			isa = XCConfigurationList;
			buildConfigurations = (
				A00F08B62313062B00920559 /* Debug */,
				A00F08B72313062B00920559 /* Release */,
			);
			defaultConfigurationIsVisible = 0;
			defaultConfigurationName = Release;
		};
/* End XCConfigurationList section */

/* Begin XCVersionGroup section */
		A00F08AA2313062900920559 /* Mapa.xcdatamodeld */ = {
			isa = XCVersionGroup;
			children = (
				A00F08AB2313062900920559 /* Mapa.xcdatamodel */,
			);
			currentVersion = A00F08AB2313062900920559 /* Mapa.xcdatamodel */;
			path = Mapa.xcdatamodeld;
			sourceTree = "<group>";
			versionGroupType = wrapper.xcdatamodel;
		};
/* End XCVersionGroup section */
	};
	rootObject = A00F08982313062900920559 /* Project object */;
}
